{
  "lockfileVersion": 1,
  "configVersion": 1,
  "workspaces": {
    "": {
      "name": "@jrobic/agent-bouncer",
      "devDependencies": {
        "@types/bun": "latest",
        "dprint": "0.55.2",
        "oxlint": "1.78.0",
        "typescript": "^5.7.0",
      },
    },
  },
  "packages": {
    "@dprint/android-arm64": ["@dprint/android-arm64@0.55.2", "", { "os": "android", "cpu": "arm64" }, "sha512-cywqM0E2h8lCA/b5BMFcuascaGuekm2lnyKb5hRH9juKbsqKeR8A7qf2p3nVWRQ8cM7djOnQwhy8ecQ3qd6j9A=="],

    "@dprint/android-x64": ["@dprint/android-x64@0.55.2", "", { "os": "android", "cpu": "x64" }, "sha512-BvcqquD94dSYQP2FzBuojU/8vITpwz80uAkub2xCCx5g7zYdUZ98tK+N3GKfRS5AUJ1LpRPJgbO09rRLEo8leA=="],

    "@dprint/darwin-arm64": ["@dprint/darwin-arm64@0.55.2", "", { "os": "darwin", "cpu": "arm64" }, "sha512-HjzasuPaC0EBHxEpS3Px/OPcxqZYln37xuAyYE0GFAhDuaotZEUpM8VE05Tzo4E32y7LKgLPT8CZVtEG5Ck7mQ=="],

    "@dprint/darwin-x64": ["@dprint/darwin-x64@0.55.2", "", { "os": "darwin", "cpu": "x64" }, "sha512-7XSF9XERvimg3XakXNlJRpJM9an5HKibWWShwCJr7Dz1Xp7P3pomjx9AtYV5EeD49GXu9FKdFfDiTC4BJtAVjA=="],

    "@dprint/linux-arm64-glibc": ["@dprint/linux-arm64-glibc@0.55.2", "", { "os": "linux", "cpu": "arm64" }, "sha512-2h5oe4tHGXJOTLU5BxVJLGPP1qQQxxECdjUaRkLxGn2rZIEf/7HwoJ+TjwMUaIVg4QxAFxfiMJJ3MRZjumJpsg=="],

    "@dprint/linux-arm64-musl": ["@dprint/linux-arm64-musl@0.55.2", "", { "os": "linux", "cpu": "arm64" }, "sha512-Z1X9mNLHWoSI7CHz888H2w27IV2UQ5lL/YbTwgguJM9ApLgvkMer5qr4pLlXF6vEY3+Rm0445eo3uojbjE7PTw=="],

    "@dprint/linux-loong64-glibc": ["@dprint/linux-loong64-glibc@0.55.2", "", { "os": "linux", "cpu": "none" }, "sha512-qxk4Cg/SjO14DALoG1MFZL+n6pEvCyd7VDHg1cQIpp82mZ+wtRaWkJqSaItWj12x8jihA32wAoQ/8OHz+5FFsQ=="],

    "@dprint/linux-loong64-musl": ["@dprint/linux-loong64-musl@0.55.2", "", { "os": "linux", "cpu": "none" }, "sha512-Mr+kRdZnxhUHBmhhADkYOo1g81PYvbh7eBo+lpMStgIvL/5Z93mGAcp/1NFcpeN02pilaI1N59awV08ApJ19cA=="],

    "@dprint/linux-ppc64-glibc": ["@dprint/linux-ppc64-glibc@0.55.2", "", { "os": "linux", "cpu": "ppc64" }, "sha512-C8XEL3f3yg+MWZD4qlot+ibJ0GDPvCT5jq9ErwPdKteyIPpe6IPSqiEApYSQ194Q7audL8rgS0WdJsW4HNVhmw=="],

    "@dprint/linux-ppc64-musl": ["@dprint/linux-ppc64-musl@0.55.2", "", { "os": "linux", "cpu": "ppc64" }, "sha512-tSGe4bTmL5/EhNH38baCKWBGxOXVB0M5Loxnpls7wsQjuLpzWnzDCw4wiO3C7PrKLbAe4sJUWhbgdDXa3TJ2eQ=="],

    "@dprint/linux-riscv64-glibc": ["@dprint/linux-riscv64-glibc@0.55.2", "", { "os": "linux", "cpu": "none" }, "sha512-gSaoq9e3vGTfYm5jcEd86YysFsp8OJF/CGZgBzNNu3NSjLEs8VVgTObDxQI+U7ex2mA17lbpWyr3diejaaK+bg=="],

    "@dprint/linux-x64-glibc": ["@dprint/linux-x64-glibc@0.55.2", "", { "os": "linux", "cpu": "x64" }, "sha512-GBLWjuqTT5OGbqh2gQENQihhfRn/AjdDu2SVwjmbZcOFR80HMppIfFrIIolBB3FLyrZk+M8rMk8EAo0tQ3PAXw=="],

    "@dprint/linux-x64-musl": ["@dprint/linux-x64-musl@0.55.2", "", { "os": "linux", "cpu": "x64" }, "sha512-GZEUpmtxCOiauRtqOqT/erAjy2ws8dOxx7oQJFf9g5bypisuapwymvr7fUVVb8nqccFqjx7E5kN4IxKDlzntHA=="],

    "@dprint/win32-arm64": ["@dprint/win32-arm64@0.55.2", "", { "os": "win32", "cpu": "arm64" }, "sha512-dxDdxU4a6wQ4K0omdAxW7o0mUdOI03z0/Ah3N6O9Ja7wAMQI5sbfzq7DOJ739UVXtHSB4zBTtYuk1MrBOIyVQQ=="],

    "@dprint/win32-x64": ["@dprint/win32-x64@0.55.2", "", { "os": "win32", "cpu": "x64" }, "sha512-UTiDSShHbrkx+z719/MffgwGYD8PaypdVmG4vVJVjmF5Hoin6EfugHhSoBf8+G6U9rF+uDIIl0idZq+6Bifzwg=="],

    "@oxlint/binding-android-arm-eabi": ["@oxlint/binding-android-arm-eabi@1.78.0", "", { "os": "android", "cpu": "arm" }, "sha512-Bu819lmAfZMUHErrpe0cEWj3iaefuUODHSU8+UbXy67V/r7/7f4K3FL0NmbD85E+wiFLDYuhP8Zlv0XnVeXshw=="],

    "@oxlint/binding-android-arm64": ["@oxlint/binding-android-arm64@1.78.0", "", { "os": "android", "cpu": "arm64" }, "sha512-CDfxZgB61B7buRdY2FJoAYYPPXCZ1EoC1LKscnC5dg3kjobdxiconvAvvN1BmHyW4PyFT3jRLDag/BY/roSNBQ=="],

    "@oxlint/binding-darwin-arm64": ["@oxlint/binding-darwin-arm64@1.78.0", "", { "os": "darwin", "cpu": "arm64" }, "sha512-2Y2U9Ahrz+OO0Ej88f9SJYq51/jUBp1Mc7iZu0ukrbeeZ3gpRGfzIFnoqfHDY96xr0GEfNrPUBFEy0nN5aD7HA=="],

    "@oxlint/binding-darwin-x64": ["@oxlint/binding-darwin-x64@1.78.0", "", { "os": "darwin", "cpu": "x64" }, "sha512-rpych6eJq6m9jDRypTEaPD1xysaEW5h9+xuxhGK/QhOg+/xaqPZrCrTNoIl/f3nEjuJeCEmstNDlrE9rJi/3/g=="],

    "@oxlint/binding-freebsd-x64": ["@oxlint/binding-freebsd-x64@1.78.0", "", { "os": "freebsd", "cpu": "x64" }, "sha512-IcMGrQT3QizkOESUJd5et+rOhVqSkNDfNik1cvrKDqIbzqx9KMtRswpFgkCuNTSwylCFLKhGUu8KmqY1ZnC0Dg=="],

    "@oxlint/binding-linux-arm-gnueabihf": ["@oxlint/binding-linux-arm-gnueabihf@1.78.0", "", { "os": "linux", "cpu": "arm" }, "sha512-/uLdoJ0IXE6vo/0f0LKjinQAp+re+VMaCWaNT8ENIv2EOCkSsc8SGaflXAuW0Jua2dq5+GLVWm1NQK7P3UFSNQ=="],

    "@oxlint/binding-linux-arm-musleabihf": ["@oxlint/binding-linux-arm-musleabihf@1.78.0", "", { "os": "linux", "cpu": "arm" }, "sha512-7xi4Wb/O8NRJhLoUXmDJMUVpNYvB5kefdhFU1Jb8rtae4QoXlTiLwI14X4YvAXVZLNZChP8m5qO9SQAlWQTbkQ=="],

    "@oxlint/binding-linux-arm64-gnu": ["@oxlint/binding-linux-arm64-gnu@1.78.0", "", { "os": "linux", "cpu": "arm64" }, "sha512-4hFW0+fVXa3OIh1Y4A5SPkmvI4wuuBSrCVKzOyE7PTjhc7yEqZ1pmvEEeS5Lj/MaqvegFxXyF33N+6jkehxdyg=="],

    "@oxlint/binding-linux-arm64-musl": ["@oxlint/binding-linux-arm64-musl@1.78.0", "", { "os": "linux", "cpu": "arm64" }, "sha512-oC0mvsgBJjlMijSDEhx9KuvR9zYeHXceA9MjbuXB1F8NSR78Yj2unOBrstEvTVaq+pko+kuue6DajC00eqvTdg=="],

    "@oxlint/binding-linux-ppc64-gnu": ["@oxlint/binding-linux-ppc64-gnu@1.78.0", "", { "os": "linux", "cpu": "ppc64" }, "sha512-XAllT5SUZS+ohjuZ3/5S0cwe0r7eboiuigeStCZ5DXRYx/2KVM2UvQXvAfyzXEimtQjAB7cDQ2YxDe2Zl2WNQQ=="],

    "@oxlint/binding-linux-riscv64-gnu": ["@oxlint/binding-linux-riscv64-gnu@1.78.0", "", { "os": "linux", "cpu": "none" }, "sha512-trucMER/0QtecoXvc1y/UVqE3kwJipDwrx4oHfj+nNm3dq2zjP44WT0CfHNDPM3G1DXIkx/gY6lAD21NSCZVhA=="],

    "@oxlint/binding-linux-riscv64-musl": ["@oxlint/binding-linux-riscv64-musl@1.78.0", "", { "os": "linux", "cpu": "none" }, "sha512-cm3O4F/HQbdzOUX5mKHqG5KDL6E5w0pnlZ+fbBy2rmLryPOowkuLagFHTopQsEIpjcaZoPOrL+BmmAytAG9HFg=="],

    "@oxlint/binding-linux-s390x-gnu": ["@oxlint/binding-linux-s390x-gnu@1.78.0", "", { "os": "linux", "cpu": "s390x" }, "sha512-33wRf6HqGNsybJ3qX4cGaQN2ODPxNmc1rMa0mrTmx3eFq1VzOnvQooi9bIGVYakW8a/wmqVx1mgsUm8R2xfTiw=="],

    "@oxlint/binding-linux-x64-gnu": ["@oxlint/binding-linux-x64-gnu@1.78.0", "", { "os": "linux", "cpu": "x64" }, "sha512-rRdISSYegj6VganMZ9tjRjijowfHJ09IZU01i0toBAqr6n5LEtwHq2IeS4FjW2RoskOHlb6efB26H5izYb3GEQ=="],

    "@oxlint/binding-linux-x64-musl": ["@oxlint/binding-linux-x64-musl@1.78.0", "", { "os": "linux", "cpu": "x64" }, "sha512-GmsP4rW0xTL6u5CVdcDsaN5Fbc7hBc382Wmar1kttbnwSEviM+rSINKOMQ+UQ6iH+AGwC+8gaAiwu134Tgh6Lg=="],

    "@oxlint/binding-openharmony-arm64": ["@oxlint/binding-openharmony-arm64@1.78.0", "", { "os": "none", "cpu": "arm64" }, "sha512-sy9yeYuADc8a+n4TLBayzMCZiHPW78DcIFVpOXTmdKHWQeM9xe5uzkqIIZmi326D5hY9XVwacipEB1p7tQjPAg=="],

    "@oxlint/binding-win32-arm64-msvc": ["@oxlint/binding-win32-arm64-msvc@1.78.0", "", { "os": "win32", "cpu": "arm64" }, "sha512-rjc2hF1KfMi8fZj1X/m3AmnHbdsF3rL0v6KQg0Uc880Yb2khjz+3U14sfdZ7jWTpRnN1m1NQa/TT7uU9lJWPrA=="],

    "@oxlint/binding-win32-ia32-msvc": ["@oxlint/binding-win32-ia32-msvc@1.78.0", "", { "os": "win32", "cpu": "ia32" }, "sha512-zcuXFVrEFHIafRfkCQT8w/Xe41o07ozl/vwHq7p94vB29xVzsB0sZGYORU1jhcYKv3Lr0J3HbJ2T4fHH5rWmvA=="],

    "@oxlint/binding-win32-x64-msvc": ["@oxlint/binding-win32-x64-msvc@1.78.0", "", { "os": "win32", "cpu": "x64" }, "sha512-Sb5ocmLSuYeOuXd+CFOToGKp/gjXUEWDnvIGwhnh8aq8wY4TMmEnKnvbogSW7RdMZv77JSARduS7/gv+khYEjA=="],

    "@types/bun": ["@types/bun@1.3.14", "", { "dependencies": { "bun-types": "1.3.14" } }, "sha512-h1hFqFVcvAvD9j9K7ZW7vd82aSA+rTdznZa+5bwvCwqSB1jmmfLcbIWhOLx1/+boy/xmjgCs/OMUL8hRJSmnPw=="],

    "@types/node": ["@types/node@26.2.0", "", { "dependencies": { "undici-types": "~8.3.0" } }, "sha512-5IviulTZeRNp2vAJ514cc/HUlY5nZ9fCbq9DMyC52BrhFZACo3nI0R7qBxhQmo/d27NFe96ur/b7Wwxklda+kg=="],

    "bun-types": ["bun-types@1.3.14", "", { "dependencies": { "@types/node": "*" } }, "sha512-4N0ig0fEomHt5R0KCFWjovxow98rIoRwKolrYdCcknNwMekCXRnWEUvgu5soYV8QXtVsrUD8B95MBOZGPvr6KQ=="],

    "dprint": ["dprint@0.55.2", "", { "optionalDependencies": { "@dprint/android-arm64": "0.55.2", "@dprint/android-x64": "0.55.2", "@dprint/darwin-arm64": "0.55.2", "@dprint/darwin-x64": "0.55.2", "@dprint/linux-arm64-glibc": "0.55.2", "@dprint/linux-arm64-musl": "0.55.2", "@dprint/linux-loong64-glibc": "0.55.2", "@dprint/linux-loong64-musl": "0.55.2", "@dprint/linux-ppc64-glibc": "0.55.2", "@dprint/linux-ppc64-musl": "0.55.2", "@dprint/linux-riscv64-glibc": "0.55.2", "@dprint/linux-x64-glibc": "0.55.2", "@dprint/linux-x64-musl": "0.55.2", "@dprint/win32-arm64": "0.55.2", "@dprint/win32-x64": "0.55.2" }, "bin": { "dprint": "bin.cjs" } }, "sha512-1d4D4SB9KiD2qFnBWbl3aoYjLvPVpZoth28yxTT00xJv2yXugdz0Xoyv7sGG0w0hzE6hQZMgd6B333GnySDpGQ=="],

    "oxlint": ["oxlint@1.78.0", "", { "optionalDependencies": { "@oxlint/binding-android-arm-eabi": "1.78.0", "@oxlint/binding-android-arm64": "1.78.0", "@oxlint/binding-darwin-arm64": "1.78.0", "@oxlint/binding-darwin-x64": "1.78.0", "@oxlint/binding-freebsd-x64": "1.78.0", "@oxlint/binding-linux-arm-gnueabihf": "1.78.0", "@oxlint/binding-linux-arm-musleabihf": "1.78.0", "@oxlint/binding-linux-arm64-gnu": "1.78.0", "@oxlint/binding-linux-arm64-musl": "1.78.0", "@oxlint/binding-linux-ppc64-gnu": "1.78.0", "@oxlint/binding-linux-riscv64-gnu": "1.78.0", "@oxlint/binding-linux-riscv64-musl": "1.78.0", "@oxlint/binding-linux-s390x-gnu": "1.78.0", "@oxlint/binding-linux-x64-gnu": "1.78.0", "@oxlint/binding-linux-x64-musl": "1.78.0", "@oxlint/binding-openharmony-arm64": "1.78.0", "@oxlint/binding-win32-arm64-msvc": "1.78.0", "@oxlint/binding-win32-ia32-msvc": "1.78.0", "@oxlint/binding-win32-x64-msvc": "1.78.0" }, "peerDependencies": { "oxlint-tsgolint": ">=7.0.2001", "vite-plus": "*" }, "optionalPeers": ["oxlint-tsgolint", "vite-plus"], "bin": { "oxlint": "bin/oxlint" } }, "sha512-QgQePuxIqKOzo1KSjG2EnITEeWvWnKAm77eq8nrMtf6AGoA+zyGc4PFYtDNJSD25g/ibOwfQ851hZ4/SPkMVoA=="],

    "typescript": ["typescript@5.9.3", "", { "bin": { "tsc": "bin/tsc", "tsserver": "bin/tsserver" } }, "sha512-jl1vZzPDinLr9eUt3J/t7V6FgNEw9QjvBPdysz9KfQDD41fQrC2Y4vKQdiaUpFT4bXlb1RHhLpp8wtm6M5TgSw=="],

    "undici-types": ["undici-types@8.3.0", "", {}, "sha512-j375ScV60dom+YkPFIfTLcOiPxkN/buHz5GobjLhixFuANaNs3C9l4GmrWqejgXWJ7BbJcFYpTEUkS1Ge8bpZQ=="],
  }
}
